// !$*UTF8*$!
{
	archiveVersion = 1;
	classes = {
	};
	objectVersion = 55;
	objects = {

/* Begin PBXBuildFile section */
		8698C3D12774F64A0011703C /* swiftUI_chatApp.swift in Sources */ = {isa = PBXBuildFile; fileRef = 8698C3D02774F64A0011703C /* swiftUI_chatApp.swift */; };
		8698C3D32774F64A0011703C /* HomeView.swift in Sources */ = {isa = PBXBuildFile; fileRef = 8698C3D22774F64A0011703C /* HomeView.swift */; };
		8698C3D52774F64F0011703C /* Assets.xcassets in Resources */ = {isa = PBXBuildFile; fileRef = 8698C3D42774F64F0011703C /* Assets.xcassets */; };
		8698C3D82774F64F0011703C /* Preview Assets.xcassets in Resources */ = {isa = PBXBuildFile; fileRef = 8698C3D72774F64F0011703C /* Preview Assets.xcassets */; };
		8698C3E4277500380011703C /* Fonts.swift in Sources */ = {isa = PBXBuildFile; fileRef = 8698C3E3277500380011703C /* Fonts.swift */; };
		8698C3EB277513910011703C /* Montserrat-SemiBold.ttf in Resources */ = {isa = PBXBuildFile; fileRef = 8698C3E7277513900011703C /* Montserrat-SemiBold.ttf */; };
		8698C3EC277513910011703C /* Montserrat-ExtraLight.ttf in Resources */ = {isa = PBXBuildFile; fileRef = 8698C3E8277513910011703C /* Montserrat-ExtraLight.ttf */; };
		8698C3ED277513910011703C /* Montserrat-Bold.ttf in Resources */ = {isa = PBXBuildFile; fileRef = 8698C3E9277513910011703C /* Montserrat-Bold.ttf */; };
		8698C3EE277513910011703C /* Montserrat-Regular.ttf in Resources */ = {isa = PBXBuildFile; fileRef = 8698C3EA277513910011703C /* Montserrat-Regular.ttf */; };
		8698C3F12775169B0011703C /* CustomTabBar.swift in Sources */ = {isa = PBXBuildFile; fileRef = 8698C3F02775169B0011703C /* CustomTabBar.swift */; };
		8698C3F327751DEF0011703C /* TabBarButton.swift in Sources */ = {isa = PBXBuildFile; fileRef = 8698C3F227751DEE0011703C /* TabBarButton.swift */; };
		8698C3F5277520A10011703C /* GoogleService-Info.plist in Resources */ = {isa = PBXBuildFile; fileRef = 8698C3F4277520A10011703C /* GoogleService-Info.plist */; };
		8698C3F82775223F0011703C /* FirebaseAuth in Frameworks */ = {isa = PBXBuildFile; productRef = 8698C3F72775223F0011703C /* FirebaseAuth */; };
		8698C3FA2775223F0011703C /* FirebaseFirestore in Frameworks */ = {isa = PBXBuildFile; productRef = 8698C3F92775223F0011703C /* FirebaseFirestore */; };
		8698C3FC2775223F0011703C /* FirebaseFirestoreSwift-Beta in Frameworks */ = {isa = PBXBuildFile; productRef = 8698C3FB2775223F0011703C /* FirebaseFirestoreSwift-Beta */; };
		8698C3FE2775223F0011703C /* FirebaseStorage in Frameworks */ = {isa = PBXBuildFile; productRef = 8698C3FD2775223F0011703C /* FirebaseStorage */; };
		8698C4002775223F0011703C /* FirebaseStorageSwift-Beta in Frameworks */ = {isa = PBXBuildFile; productRef = 8698C3FF2775223F0011703C /* FirebaseStorageSwift-Beta */; };
		8698C402277522AF0011703C /* AppDelegate.swift in Sources */ = {isa = PBXBuildFile; fileRef = 8698C401277522AF0011703C /* AppDelegate.swift */; };
		8698C405277528B50011703C /* AuthViewModel.swift in Sources */ = {isa = PBXBuildFile; fileRef = 8698C404277528B50011703C /* AuthViewModel.swift */; };
		8698C407277561510011703C /* AuthKey_X6336K6R43.p8 in Resources */ = {isa = PBXBuildFile; fileRef = 8698C406277561500011703C /* AuthKey_X6336K6R43.p8 */; };
/* End PBXBuildFile section */

/* Begin PBXFileReference section */
		8698C3CD2774F64A0011703C /* swiftUI-chat.app */ = {isa = PBXFileReference; explicitFileType = wrapper.application; includeInIndex = 0; path = "swiftUI-chat.app"; sourceTree = BUILT_PRODUCTS_DIR; };
		8698C3D02774F64A0011703C /* swiftUI_chatApp.swift */ = {isa = PBXFileReference; lastKnownFileType = sourcecode.swift; path = swiftUI_chatApp.swift; sourceTree = "<group>"; };
		8698C3D22774F64A0011703C /* HomeView.swift */ = {isa = PBXFileReference; lastKnownFileType = sourcecode.swift; path = HomeView.swift; sourceTree = "<group>"; };
		8698C3D42774F64F0011703C /* Assets.xcassets */ = {isa = PBXFileReference; lastKnownFileType = folder.assetcatalog; path = Assets.xcassets; sourceTree = "<group>"; };
		8698C3D72774F64F0011703C /* Preview Assets.xcassets */ = {isa = PBXFileReference; lastKnownFileType = folder.assetcatalog; path = "Preview Assets.xcassets"; sourceTree = "<group>"; };
		8698C3E3277500380011703C /* Fonts.swift */ = {isa = PBXFileReference; lastKnownFileType = sourcecode.swift; path = Fonts.swift; sourceTree = "<group>"; };
		8698C3E5277507770011703C /* Info.plist */ = {isa = PBXFileReference; lastKnownFileType = text.plist; path = Info.plist; sourceTree = "<group>"; };
		8698C3E7277513900011703C /* Montserrat-SemiBold.ttf */ = {isa = PBXFileReference; lastKnownFileType = file; path = "Montserrat-SemiBold.ttf"; sourceTree = "<group>"; };
		8698C3E8277513910011703C /* Montserrat-ExtraLight.ttf */ = {isa = PBXFileReference; lastKnownFileType = file; path = "Montserrat-ExtraLight.ttf"; sourceTree = "<group>"; };
		8698C3E9277513910011703C /* Montserrat-Bold.ttf */ = {isa = PBXFileReference; lastKnownFileType = file; path = "Montserrat-Bold.ttf"; sourceTree = "<group>"; };
		8698C3EA277513910011703C /* Montserrat-Regular.ttf */ = {isa = PBXFileReference; lastKnownFileType = file; path = "Montserrat-Regular.ttf"; sourceTree = "<group>"; };
		8698C3F02775169B0011703C /* CustomTabBar.swift */ = {isa = PBXFileReference; lastKnownFileType = sourcecode.swift; path = CustomTabBar.swift; sourceTree = "<group>"; };
		8698C3F227751DEE0011703C /* TabBarButton.swift */ = {isa = PBXFileReference; lastKnownFileType = sourcecode.swift; path = TabBarButton.swift; sourceTree = "<group>"; };
		8698C3F4277520A10011703C /* GoogleService-Info.plist */ = {isa = PBXFileReference; fileEncoding = 4; lastKnownFileType = text.plist.xml; path = "GoogleService-Info.plist"; sourceTree = "<group>"; };
		8698C401277522AF0011703C /* AppDelegate.swift */ = {isa = PBXFileReference; lastKnownFileType = sourcecode.swift; path = AppDelegate.swift; sourceTree = "<group>"; };
		8698C403277525920011703C /* swiftUI-chat.entitlements */ = {isa = PBXFileReference; lastKnownFileType = text.plist.entitlements; path = "swiftUI-chat.entitlements"; sourceTree = "<group>"; };
		8698C404277528B50011703C /* AuthViewModel.swift */ = {isa = PBXFileReference; lastKnownFileType = sourcecode.swift; path = AuthViewModel.swift; sourceTree = "<group>"; };
		8698C406277561500011703C /* AuthKey_X6336K6R43.p8 */ = {isa = PBXFileReference; fileEncoding = 4; lastKnownFileType = text; path = AuthKey_X6336K6R43.p8; sourceTree = "<group>"; };
/* End PBXFileReference section */

/* Begin PBXFrameworksBuildPhase section */
		8698C3CA2774F64A0011703C /* Frameworks */ = {
			isa = PBXFrameworksBuildPhase;
			buildActionMask = 2147483647;
			files = (
				8698C4002775223F0011703C /* FirebaseStorageSwift-Beta in Frameworks */,
				8698C3FC2775223F0011703C /* FirebaseFirestoreSwift-Beta in Frameworks */,
				8698C3FE2775223F0011703C /* FirebaseStorage in Frameworks */,
				8698C3F82775223F0011703C /* FirebaseAuth in Frameworks */,
				8698C3FA2775223F0011703C /* FirebaseFirestore in Frameworks */,
			);
			runOnlyForDeploymentPostprocessing = 0;
		};
/* End PBXFrameworksBuildPhase section */

/* Begin PBXGroup section */
		8698C3C42774F64A0011703C = {
			isa = PBXGroup;
			children = (
				8698C3CF2774F64A0011703C /* swiftUI-chat */,
				8698C3CE2774F64A0011703C /* Products */,
			);
			sourceTree = "<group>";
		};
		8698C3CE2774F64A0011703C /* Products */ = {
			isa = PBXGroup;
			children = (
				8698C3CD2774F64A0011703C /* swiftUI-chat.app */,
			);
			name = Products;
			sourceTree = "<group>";
		};
		8698C3CF2774F64A0011703C /* swiftUI-chat */ = {
			isa = PBXGroup;
			children = (
				8698C3D02774F64A0011703C /* swiftUI_chatApp.swift */,
				8698C401277522AF0011703C /* AppDelegate.swift */,
				8698C3DE2774F6640011703C /* Views */,
				8698C3DF2774F66F0011703C /* ViewModels */,
				8698C3E02774F6830011703C /* Models */,
				8698C3E12774F6900011703C /* Services */,
				8698C3E22774F69E0011703C /* Helpers */,
				8698C3E62775133C0011703C /* Fonts */,
				8698C3F4277520A10011703C /* GoogleService-Info.plist */,
				8698C3E5277507770011703C /* Info.plist */,
				8698C406277561500011703C /* AuthKey_X6336K6R43.p8 */,
				8698C403277525920011703C /* swiftUI-chat.entitlements */,
				8698C3D42774F64F0011703C /* Assets.xcassets */,
				8698C3D62774F64F0011703C /* Preview Content */,
			);
			path = "swiftUI-chat";
			sourceTree = "<group>";
		};
		8698C3D62774F64F0011703C /* Preview Content */ = {
			isa = PBXGroup;
			children = (
				8698C3D72774F64F0011703C /* Preview Assets.xcassets */,
			);
			path = "Preview Content";
			sourceTree = "<group>";
		};
		8698C3DE2774F6640011703C /* Views */ = {
			isa = PBXGroup;
			children = (
				8698C3D22774F64A0011703C /* HomeView.swift */,
				8698C3EF277516830011703C /* Tab Bar */,
			);
			path = Views;
			sourceTree = "<group>";
		};
		8698C3DF2774F66F0011703C /* ViewModels */ = {
			isa = PBXGroup;
			children = (
				8698C404277528B50011703C /* AuthViewModel.swift */,
			);
			name = ViewModels;
			sourceTree = "<group>";
		};
		8698C3E02774F6830011703C /* Models */ = {
			isa = PBXGroup;
			children = (
			);
			path = Models;
			sourceTree = "<group>";
		};
		8698C3E12774F6900011703C /* Services */ = {
			isa = PBXGroup;
			children = (
			);
			path = Services;
			sourceTree = "<group>";
		};
		8698C3E22774F69E0011703C /* Helpers */ = {
			isa = PBXGroup;
			children = (
				8698C3E3277500380011703C /* Fonts.swift */,
			);
			path = Helpers;
			sourceTree = "<group>";
		};
		8698C3E62775133C0011703C /* Fonts */ = {
			isa = PBXGroup;
			children = (
				8698C3E9277513910011703C /* Montserrat-Bold.ttf */,
				8698C3E8277513910011703C /* Montserrat-ExtraLight.ttf */,
				8698C3EA277513910011703C /* Montserrat-Regular.ttf */,
				8698C3E7277513900011703C /* Montserrat-SemiBold.ttf */,
			);
			path = Fonts;
			sourceTree = "<group>";
		};
		8698C3EF277516830011703C /* Tab Bar */ = {
			isa = PBXGroup;
			children = (
				8698C3F02775169B0011703C /* CustomTabBar.swift */,
				8698C3F227751DEE0011703C /* TabBarButton.swift */,
			);
			path = "Tab Bar";
			sourceTree = "<group>";
		};
/* End PBXGroup section */

/* Begin PBXNativeTarget section */
		8698C3CC2774F64A0011703C /* swiftUI-chat */ = {
			isa = PBXNativeTarget;
			buildConfigurationList = 8698C3DB2774F64F0011703C /* Build configuration list for PBXNativeTarget "swiftUI-chat" */;
			buildPhases = (
				8698C3C92774F64A0011703C /* Sources */,
				8698C3CA2774F64A0011703C /* Frameworks */,
				8698C3CB2774F64A0011703C /* Resources */,
			);
			buildRules = (
			);
			dependencies = (
			);
			name = "swiftUI-chat";
			packageProductDependencies = (
				8698C3F72775223F0011703C /* FirebaseAuth */,
				8698C3F92775223F0011703C /* FirebaseFirestore */,
				8698C3FB2775223F0011703C /* FirebaseFirestoreSwift-Beta */,
				8698C3FD2775223F0011703C /* FirebaseStorage */,
				8698C3FF2775223F0011703C /* FirebaseStorageSwift-Beta */,
			);
			productName = "swiftUI-chat";
			productReference = 8698C3CD2774F64A0011703C /* swiftUI-chat.app */;
			productType = "com.apple.product-type.application";
		};
/* End PBXNativeTarget section */

/* Begin PBXProject section */
		8698C3C52774F64A0011703C /* Project object */ = {
			isa = PBXProject;
			attributes = {
				BuildIndependentTargetsInParallel = 1;
				LastSwiftUpdateCheck = 1320;
				LastUpgradeCheck = 1320;
				TargetAttributes = {
					8698C3CC2774F64A0011703C = {
						CreatedOnToolsVersion = 13.2.1;
					};
				};
			};
			buildConfigurationList = 8698C3C82774F64A0011703C /* Build configuration list for PBXProject "swiftUI-chat" */;
			compatibilityVersion = "Xcode 13.0";
			developmentRegion = en;
			hasScannedForEncodings = 0;
			knownRegions = (
				en,
				Base,
			);
			mainGroup = 8698C3C42774F64A0011703C;
			packageReferences = (
				8698C3F62775223F0011703C /* XCRemoteSwiftPackageReference "firebase-ios-sdk" */,
			);
			productRefGroup = 8698C3CE2774F64A0011703C /* Products */;
			projectDirPath = "";
			projectRoot = "";
			targets = (
				8698C3CC2774F64A0011703C /* swiftUI-chat */,
			);
		};
/* End PBXProject section */

/* Begin PBXResourcesBuildPhase section */
		8698C3CB2774F64A0011703C /* Resources */ = {
			isa = PBXResourcesBuildPhase;
			buildActionMask = 2147483647;
			files = (
				8698C3EE277513910011703C /* Montserrat-Regular.ttf in Resources */,
				8698C407277561510011703C /* AuthKey_X6336K6R43.p8 in Resources */,
				8698C3ED277513910011703C /* Montserrat-Bold.ttf in Resources */,
				8698C3EB277513910011703C /* Montserrat-SemiBold.ttf in Resources */,
				8698C3EC277513910011703C /* Montserrat-ExtraLight.ttf in Resources */,
				8698C3F5277520A10011703C /* GoogleService-Info.plist in Resources */,
				8698C3D82774F64F0011703C /* Preview Assets.xcassets in Resources */,
				8698C3D52774F64F0011703C /* Assets.xcassets in Resources */,
			);
			runOnlyForDeploymentPostprocessing = 0;
		};
/* End PBXResourcesBuildPhase section */

/* Begin PBXSourcesBuildPhase section */
		8698C3C92774F64A0011703C /* Sources */ = {
			isa = PBXSourcesBuildPhase;
			buildActionMask = 2147483647;
			files = (
				8698C402277522AF0011703C /* AppDelegate.swift in Sources */,
				8698C3F12775169B0011703C /* CustomTabBar.swift in Sources */,
				8698C3D32774F64A0011703C /* HomeView.swift in Sources */,
				8698C405277528B50011703C /* AuthViewModel.swift in Sources */,
				8698C3E4277500380011703C /* Fonts.swift in Sources */,
				8698C3F327751DEF0011703C /* TabBarButton.swift in Sources */,
				8698C3D12774F64A0011703C /* swiftUI_chatApp.swift in Sources */,
			);
			runOnlyForDeploymentPostprocessing = 0;
		};
/* End PBXSourcesBuildPhase section */

/* Begin XCBuildConfiguration section */
		8698C3D92774F64F0011703C /* Debug */ = {
			isa = XCBuildConfiguration;
			buildSettings = {
				ALWAYS_SEARCH_USER_PATHS = NO;
				CLANG_ANALYZER_NONNULL = YES;
				CLANG_ANALYZER_NUMBER_OBJECT_CONVERSION = YES_AGGRESSIVE;
				CLANG_CXX_LANGUAGE_STANDARD = "gnu++17";
				CLANG_CXX_LIBRARY = "libc++";
				CLANG_ENABLE_MODULES = YES;
				CLANG_ENABLE_OBJC_ARC = YES;
				CLANG_ENABLE_OBJC_WEAK = YES;
				CLANG_WARN_BLOCK_CAPTURE_AUTORELEASING = YES;
				CLANG_WARN_BOOL_CONVERSION = YES;
				CLANG_WARN_COMMA = YES;
				CLANG_WARN_CONSTANT_CONVERSION = YES;
				CLANG_WARN_DEPRECATED_OBJC_IMPLEMENTATIONS = YES;
				CLANG_WARN_DIRECT_OBJC_ISA_USAGE = YES_ERROR;
				CLANG_WARN_DOCUMENTATION_COMMENTS = YES;
				CLANG_WARN_EMPTY_BODY = YES;
				CLANG_WARN_ENUM_CONVERSION = YES;
				CLANG_WARN_INFINITE_RECURSION = YES;
				CLANG_WARN_INT_CONVERSION = YES;
				CLANG_WARN_NON_LITERAL_NULL_CONVERSION = YES;
				CLANG_WARN_OBJC_IMPLICIT_RETAIN_SELF = YES;
				CLANG_WARN_OBJC_LITERAL_CONVERSION = YES;
				CLANG_WARN_OBJC_ROOT_CLASS = YES_ERROR;
				CLANG_WARN_QUOTED_INCLUDE_IN_FRAMEWORK_HEADER = YES;
				CLANG_WARN_RANGE_LOOP_ANALYSIS = YES;
				CLANG_WARN_STRICT_PROTOTYPES = YES;
				CLANG_WARN_SUSPICIOUS_MOVE = YES;
				CLANG_WARN_UNGUARDED_AVAILABILITY = YES_AGGRESSIVE;
				CLANG_WARN_UNREACHABLE_CODE = YES;
				CLANG_WARN__DUPLICATE_METHOD_MATCH = YES;
				COPY_PHASE_STRIP = NO;
				DEBUG_INFORMATION_FORMAT = dwarf;
				ENABLE_STRICT_OBJC_MSGSEND = YES;
				ENABLE_TESTABILITY = YES;
				GCC_C_LANGUAGE_STANDARD = gnu11;
				GCC_DYNAMIC_NO_PIC = NO;
				GCC_NO_COMMON_BLOCKS = YES;
				GCC_OPTIMIZATION_LEVEL = 0;
				GCC_PREPROCESSOR_DEFINITIONS = (
					"DEBUG=1",
					"$(inherited)",
				);
				GCC_WARN_64_TO_32_BIT_CONVERSION = YES;
				GCC_WARN_ABOUT_RETURN_TYPE = YES_ERROR;
				GCC_WARN_UNDECLARED_SELECTOR = YES;
				GCC_WARN_UNINITIALIZED_AUTOS = YES_AGGRESSIVE;
				GCC_WARN_UNUSED_FUNCTION = YES;
				GCC_WARN_UNUSED_VARIABLE = YES;
				IPHONEOS_DEPLOYMENT_TARGET = 15.2;
				MTL_ENABLE_DEBUG_INFO = INCLUDE_SOURCE;
				MTL_FAST_MATH = YES;
				ONLY_ACTIVE_ARCH = YES;
				SDKROOT = iphoneos;
				SWIFT_ACTIVE_COMPILATION_CONDITIONS = DEBUG;
				SWIFT_OPTIMIZATION_LEVEL = "-Onone";
			};
			name = Debug;
		};
		8698C3DA2774F64F0011703C /* Release */ = {
			isa = XCBuildConfiguration;
			buildSettings = {
				ALWAYS_SEARCH_USER_PATHS = NO;
				CLANG_ANALYZER_NONNULL = YES;
				CLANG_ANALYZER_NUMBER_OBJECT_CONVERSION = YES_AGGRESSIVE;
				CLANG_CXX_LANGUAGE_STANDARD = "gnu++17";
				CLANG_CXX_LIBRARY = "libc++";
				CLANG_ENABLE_MODULES = YES;
				CLANG_ENABLE_OBJC_ARC = YES;
				CLANG_ENABLE_OBJC_WEAK = YES;
				CLANG_WARN_BLOCK_CAPTURE_AUTORELEASING = YES;
				CLANG_WARN_BOOL_CONVERSION = YES;
				CLANG_WARN_COMMA = YES;
				CLANG_WARN_CONSTANT_CONVERSION = YES;
				CLANG_WARN_DEPRECATED_OBJC_IMPLEMENTATIONS = YES;
				CLANG_WARN_DIRECT_OBJC_ISA_USAGE = YES_ERROR;
				CLANG_WARN_DOCUMENTATION_COMMENTS = YES;
				CLANG_WARN_EMPTY_BODY = YES;
				CLANG_WARN_ENUM_CONVERSION = YES;
				CLANG_WARN_INFINITE_RECURSION = YES;
				CLANG_WARN_INT_CONVERSION = YES;
				CLANG_WARN_NON_LITERAL_NULL_CONVERSION = YES;
				CLANG_WARN_OBJC_IMPLICIT_RETAIN_SELF = YES;
				CLANG_WARN_OBJC_LITERAL_CONVERSION = YES;
				CLANG_WARN_OBJC_ROOT_CLASS = YES_ERROR;
				CLANG_WARN_QUOTED_INCLUDE_IN_FRAMEWORK_HEADER = YES;
				CLANG_WARN_RANGE_LOOP_ANALYSIS = YES;
				CLANG_WARN_STRICT_PROTOTYPES = YES;
				CLANG_WARN_SUSPICIOUS_MOVE = YES;
				CLANG_WARN_UNGUARDED_AVAILABILITY = YES_AGGRESSIVE;
				CLANG_WARN_UNREACHABLE_CODE = YES;
				CLANG_WARN__DUPLICATE_METHOD_MATCH = YES;
				COPY_PHASE_STRIP = NO;
				DEBUG_INFORMATION_FORMAT = "dwarf-with-dsym";
				ENABLE_NS_ASSERTIONS = NO;
				ENABLE_STRICT_OBJC_MSGSEND = YES;
				GCC_C_LANGUAGE_STANDARD = gnu11;
				GCC_NO_COMMON_BLOCKS = YES;
				GCC_WARN_64_TO_32_BIT_CONVERSION = YES;
				GCC_WARN_ABOUT_RETURN_TYPE = YES_ERROR;
				GCC_WARN_UNDECLARED_SELECTOR = YES;
				GCC_WARN_UNINITIALIZED_AUTOS = YES_AGGRESSIVE;
				GCC_WARN_UNUSED_FUNCTION = YES;
				GCC_WARN_UNUSED_VARIABLE = YES;
				IPHONEOS_DEPLOYMENT_TARGET = 15.2;
				MTL_ENABLE_DEBUG_INFO = NO;
				MTL_FAST_MATH = YES;
				SDKROOT = iphoneos;
				SWIFT_COMPILATION_MODE = wholemodule;
				SWIFT_OPTIMIZATION_LEVEL = "-O";
				VALIDATE_PRODUCT = YES;
			};
			name = Release;
		};
		8698C3DC2774F64F0011703C /* Debug */ = {
			isa = XCBuildConfiguration;
			buildSettings = {
				ASSETCATALOG_COMPILER_APPICON_NAME = AppIcon;
				ASSETCATALOG_COMPILER_GLOBAL_ACCENT_COLOR_NAME = AccentColor;
				CODE_SIGN_ENTITLEMENTS = "swiftUI-chat/swiftUI-chat.entitlements";
				CODE_SIGN_STYLE = Automatic;
				CURRENT_PROJECT_VERSION = 1;
				DEVELOPMENT_ASSET_PATHS = "\"swiftUI-chat/Preview Content\"";
				DEVELOPMENT_TEAM = 6G55GN6D6R;
				ENABLE_PREVIEWS = YES;
				GENERATE_INFOPLIST_FILE = YES;
				INFOPLIST_FILE = "swiftUI-chat/Info.plist";
				INFOPLIST_KEY_UIApplicationSceneManifest_Generation = YES;
				INFOPLIST_KEY_UIApplicationSupportsIndirectInputEvents = YES;
				INFOPLIST_KEY_UILaunchScreen_Generation = YES;
				INFOPLIST_KEY_UISupportedInterfaceOrientations_iPad = "UIInterfaceOrientationPortrait UIInterfaceOrientationPortraitUpsideDown UIInterfaceOrientationLandscapeLeft UIInterfaceOrientationLandscapeRight";
				INFOPLIST_KEY_UISupportedInterfaceOrientations_iPhone = "UIInterfaceOrientationPortrait UIInterfaceOrientationLandscapeLeft UIInterfaceOrientationLandscapeRight";
				LD_RUNPATH_SEARCH_PATHS = (
					"$(inherited)",
					"@executable_path/Frameworks",
				);
				MARKETING_VERSION = 1.0;
				PRODUCT_BUNDLE_IDENTIFIER = "com.bdrouviere.swiftUI-chat";
				PRODUCT_NAME = "$(TARGET_NAME)";
				SWIFT_EMIT_LOC_STRINGS = YES;
				SWIFT_VERSION = 5.0;
				TARGETED_DEVICE_FAMILY = "1,2";
			};
			name = Debug;
		};
		8698C3DD2774F64F0011703C /* Release */ = {
			isa = XCBuildConfiguration;
			buildSettings = {
				ASSETCATALOG_COMPILER_APPICON_NAME = AppIcon;
				ASSETCATALOG_COMPILER_GLOBAL_ACCENT_COLOR_NAME = AccentColor;
				CODE_SIGN_ENTITLEMENTS = "swiftUI-chat/swiftUI-chat.entitlements";
				CODE_SIGN_STYLE = Automatic;
				CURRENT_PROJECT_VERSION = 1;
				DEVELOPMENT_ASSET_PATHS = "\"swiftUI-chat/Preview Content\"";
				DEVELOPMENT_TEAM = 6G55GN6D6R;
				ENABLE_PREVIEWS = YES;
				GENERATE_INFOPLIST_FILE = YES;
				INFOPLIST_FILE = "swiftUI-chat/Info.plist";
				INFOPLIST_KEY_UIApplicationSceneManifest_Generation = YES;
				INFOPLIST_KEY_UIApplicationSupportsIndirectInputEvents = YES;
				INFOPLIST_KEY_UILaunchScreen_Generation = YES;
				INFOPLIST_KEY_UISupportedInterfaceOrientations_iPad = "UIInterfaceOrientationPortrait UIInterfaceOrientationPortraitUpsideDown UIInterfaceOrientationLandscapeLeft UIInterfaceOrientationLandscapeRight";
				INFOPLIST_KEY_UISupportedInterfaceOrientations_iPhone = "UIInterfaceOrientationPortrait UIInterfaceOrientationLandscapeLeft UIInterfaceOrientationLandscapeRight";
				LD_RUNPATH_SEARCH_PATHS = (
					"$(inherited)",
					"@executable_path/Frameworks",
				);
				MARKETING_VERSION = 1.0;
				PRODUCT_BUNDLE_IDENTIFIER = "com.bdrouviere.swiftUI-chat";
				PRODUCT_NAME = "$(TARGET_NAME)";
				SWIFT_EMIT_LOC_STRINGS = YES;
				SWIFT_VERSION = 5.0;
				TARGETED_DEVICE_FAMILY = "1,2";
			};
			name = Release;
		};
/* End XCBuildConfiguration section */

/* Begin XCConfigurationList section */
		8698C3C82774F64A0011703C /* Build configuration list for PBXProject "swiftUI-chat" */ = {
			isa = XCConfigurationList;
			buildConfigurations = (
				8698C3D92774F64F0011703C /* Debug */,
				8698C3DA2774F64F0011703C /* Release */,
			);
			defaultConfigurationIsVisible = 0;
			defaultConfigurationName = Release;
		};
		8698C3DB2774F64F0011703C /* Build configuration list for PBXNativeTarget "swiftUI-chat" */ = {
			isa = XCConfigurationList;
			buildConfigurations = (
				8698C3DC2774F64F0011703C /* Debug */,
				8698C3DD2774F64F0011703C /* Release */,
			);
			defaultConfigurationIsVisible = 0;
			defaultConfigurationName = Release;
		};
/* End XCConfigurationList section */

/* Begin XCRemoteSwiftPackageReference section */
		8698C3F62775223F0011703C /* XCRemoteSwiftPackageReference "firebase-ios-sdk" */ = {
			isa = XCRemoteSwiftPackageReference;
			repositoryURL = "https://github.com/firebase/firebase-ios-sdk";
			requirement = {
				kind = upToNextMajorVersion;
				minimumVersion = 8.0.0;
			};
		};
/* End XCRemoteSwiftPackageReference section */

/* Begin XCSwiftPackageProductDependency section */
		8698C3F72775223F0011703C /* FirebaseAuth */ = {
			isa = XCSwiftPackageProductDependency;
			package = 8698C3F62775223F0011703C /* XCRemoteSwiftPackageReference "firebase-ios-sdk" */;
			productName = FirebaseAuth;
		};
		8698C3F92775223F0011703C /* FirebaseFirestore */ = {
			isa = XCSwiftPackageProductDependency;
			package = 8698C3F62775223F0011703C /* XCRemoteSwiftPackageReference "firebase-ios-sdk" */;
			productName = FirebaseFirestore;
		};
		8698C3FB2775223F0011703C /* FirebaseFirestoreSwift-Beta */ = {
			isa = XCSwiftPackageProductDependency;
			package = 8698C3F62775223F0011703C /* XCRemoteSwiftPackageReference "firebase-ios-sdk" */;
			productName = "FirebaseFirestoreSwift-Beta";
		};
		8698C3FD2775223F0011703C /* FirebaseStorage */ = {
			isa = XCSwiftPackageProductDependency;
			package = 8698C3F62775223F0011703C /* XCRemoteSwiftPackageReference "firebase-ios-sdk" */;
			productName = FirebaseStorage;
		};
		8698C3FF2775223F0011703C /* FirebaseStorageSwift-Beta */ = {
			isa = XCSwiftPackageProductDependency;
			package = 8698C3F62775223F0011703C /* XCRemoteSwiftPackageReference "firebase-ios-sdk" */;
			productName = "FirebaseStorageSwift-Beta";
		};
/* End XCSwiftPackageProductDependency section */
	};
	rootObject = 8698C3C52774F64A0011703C /* Project object */;
}
